
Microsoft Visual Studio Solution File, Format Version 12.00
# Visual Studio 14
VisualStudioVersion = 14.0.25420.1
MinimumVisualStudioVersion = 10.0.40219.1
Project("{FAE04EC0-301F-11D3-BF4B-00C04F79EFBC}") = "DataEntry", "DataEntry\DataEntry.csproj", "{616F16AA-156D-44AB-A87D-643A0B9A409D}"
EndProject
Project("{2150E333-8FDC-42A3-9474-1A3956D46DE8}") = "Git", "Git", "{933789EF-432B-4971-8BFD-167752113DF5}"
EndProject
Global
	GlobalSection(SolutionConfigurationPlatforms) = preSolution
		Debug|Any CPU = Debug|Any CPU
		Release|Any CPU = Release|Any CPU
	EndGlobalSection
	GlobalSection(ProjectConfigurationPlatforms) = postSolution
		{616F16AA-156D-44AB-A87D-643A0B9A409D}.Debug|Any CPU.ActiveCfg = Debug|Any CPU
		{616F16AA-156D-44AB-A87D-643A0B9A409D}.Debug|Any CPU.Build.0 = Debug|Any CPU
		{616F16AA-156D-44AB-A87D-643A0B9A409D}.Release|Any CPU.ActiveCfg = Release|Any CPU
		{616F16AA-156D-44AB-A87D-643A0B9A409D}.Release|Any CPU.Build.0 = Release|Any CPU
	EndGlobalSection
	GlobalSection(SolutionProperties) = preSolution
		HideSolutionNode = FALSE
	EndGlobalSection
EndGlobal
